{
  "name": "copilot-compress",
  "version": "1.0.0",
  "lockfileVersion": 3,
  "requires": true,
  "packages": {
    "": {
      "name": "copilot-compress",
      "version": "1.0.0",
      "dependencies": {
        "@github/copilot-sdk": "*"
      },
      "engines": {
        "node": ">=22"
      }
    },
    "node_modules/@github/copilot": {
      "version": "1.0.59",
      "resolved": "https://registry.npmjs.org/@github/copilot/-/copilot-1.0.59.tgz",
      "integrity": "sha512-D8ctn5cwDwYW0drjFhjLeKpEO4cB8G2tQCMfql2BuFsq5n26liLHymw+4JAhmbDxWgD/gEjr6c3u2zVwD0xxzA==",
      "license": "SEE LICENSE IN LICENSE.md",
      "dependencies": {
        "detect-libc": "^2.1.2"
      },
      "bin": {
        "copilot": "npm-loader.js"
      },
      "optionalDependencies": {
        "@github/copilot-darwin-arm64": "1.0.59",
        "@github/copilot-darwin-x64": "1.0.59",
        "@github/copilot-linux-arm64": "1.0.59",
        "@github/copilot-linux-x64": "1.0.59",
        "@github/copilot-linuxmusl-arm64": "1.0.59",
        "@github/copilot-linuxmusl-x64": "1.0.59",
        "@github/copilot-win32-arm64": "1.0.59",
        "@github/copilot-win32-x64": "1.0.59"
      }
    },
    "node_modules/@github/copilot-darwin-arm64": {
      "version": "1.0.59",
      "resolved": "https://registry.npmjs.org/@github/copilot-darwin-arm64/-/copilot-darwin-arm64-1.0.59.tgz",
      "integrity": "sha512-zNbsKhCxzI7HhfUltEoCP43NzZacPQYd41ylixV3iZeO/Tximjkb4KnChH7UYdksDVtdKZGU3BIs+T3hGd9LEw==",
      "cpu": [
        "arm64"
      ],
      "license": "SEE LICENSE IN LICENSE.md",
      "optional": true,
      "os": [
        "darwin"
      ],
      "bin": {
        "copilot-darwin-arm64": "copilot"
      }
    },
    "node_modules/@github/copilot-darwin-x64": {
      "version": "1.0.59",
      "resolved": "https://registry.npmjs.org/@github/copilot-darwin-x64/-/copilot-darwin-x64-1.0.59.tgz",
      "integrity": "sha512-7LsC02bE5nPzPGNr11+ZospnpW7AeHSfzaFlJ9tipMxo9hAoKPJl4vSr7PtDzTsVMukKnT4Ro9ACPisnbkVS/Q==",
      "cpu": [
        "x64"
      ],
      "license": "SEE LICENSE IN LICENSE.md",
      "optional": true,
      "os": [
        "darwin"
      ],
      "bin": {
        "copilot-darwin-x64": "copilot"
      }
    },
    "node_modules/@github/copilot-linux-arm64": {
      "version": "1.0.59",
      "resolved": "https://registry.npmjs.org/@github/copilot-linux-arm64/-/copilot-linux-arm64-1.0.59.tgz",
      "integrity": "sha512-rsiH+qj8hga6a3vdc7LrJLzMXSJHI6a8b4M3zccXYJeAkWKLm7CLmc9Kybtn72qaDTLNLxv+kvQfZ3qLTzFBlA==",
      "cpu": [
        "arm64"
      ],
      "license": "SEE LICENSE IN LICENSE.md",
      "optional": true,
      "os": [
        "linux"
      ],
      "bin": {
        "copilot-linux-arm64": "copilot"
      }
    },
    "node_modules/@github/copilot-linux-x64": {
      "version": "1.0.59",
      "resolved": "https://registry.npmjs.org/@github/copilot-linux-x64/-/copilot-linux-x64-1.0.59.tgz",
      "integrity": "sha512-yxthVdw5Fi4KwuduuJBxuSd7ofDVApaaU5KN97lLMQVklxBaP03/xssu2KEuiavIFD4koSTlUGuueIx0L/i8MQ==",
      "cpu": [
        "x64"
      ],
      "license": "SEE LICENSE IN LICENSE.md",
      "optional": true,
      "os": [
        "linux"
      ],
      "bin": {
        "copilot-linux-x64": "copilot"
      }
    },
    "node_modules/@github/copilot-linuxmusl-arm64": {
      "version": "1.0.59",
      "resolved": "https://registry.npmjs.org/@github/copilot-linuxmusl-arm64/-/copilot-linuxmusl-arm64-1.0.59.tgz",
      "integrity": "sha512-TxcPcHfhj5+bMqUCjuxSPb7hGNnZt8xmRQgQaBaW89/pnsqVvnJfoI/2sE52btbPMp8M1iase9/Uf9na393AXw==",
      "cpu": [
        "arm64"
      ],
      "license": "SEE LICENSE IN LICENSE.md",
      "optional": true,
      "os": [
        "linux"
      ],
      "bin": {
        "copilot-linuxmusl-arm64": "copilot"
      }
    },
    "node_modules/@github/copilot-linuxmusl-x64": {
      "version": "1.0.59",
      "resolved": "https://registry.npmjs.org/@github/copilot-linuxmusl-x64/-/copilot-linuxmusl-x64-1.0.59.tgz",
      "integrity": "sha512-ml3B/3LqU+NkCKuQW/2sejAgpWw+LtYzll/VDhwcqkOBckoigALqj7UvJOf/M/+O2lcgcy9fLh5lg7cJ4Up0tg==",
      "cpu": [
        "x64"
      ],
      "license": "SEE LICENSE IN LICENSE.md",
      "optional": true,
      "os": [
        "linux"
      ],
      "bin": {
        "copilot-linuxmusl-x64": "copilot"
      }
    },
    "node_modules/@github/copilot-sdk": {
      "version": "1.0.0",
      "resolved": "https://registry.npmjs.org/@github/copilot-sdk/-/copilot-sdk-1.0.0.tgz",
      "integrity": "sha512-OKjmJMDM+GB2uHr8UA6O0FNs1Gfw/tkoE5vUNlYmKbydc9Yjf6pvuBdseGjAVvzc6f9HIbB5eZKLUrxbOTw+yA==",
      "license": "MIT",
      "dependencies": {
        "@github/copilot": "^1.0.57",
        "vscode-jsonrpc": "^8.2.1",
        "zod": "^4.3.6"
      },
      "engines": {
        "node": ">=20.0.0"
      }
    },
    "node_modules/@github/copilot-win32-arm64": {
      "version": "1.0.59",
      "resolved": "https://registry.npmjs.org/@github/copilot-win32-arm64/-/copilot-win32-arm64-1.0.59.tgz",
      "integrity": "sha512-1y7d+ncNBf2rvJcC0Loj3baqzh8JhZz0mQkJjQOL674uyEgQhYqTXPNEqqGUp9lX40BfilEs7aqDbtT323aeMg==",
      "cpu": [
        "arm64"
      ],
      "license": "SEE LICENSE IN LICENSE.md",
      "optional": true,
      "os": [
        "win32"
      ],
      "bin": {
        "copilot-win32-arm64": "copilot.exe"
      }
    },
    "node_modules/@github/copilot-win32-x64": {
      "version": "1.0.59",
      "resolved": "https://registry.npmjs.org/@github/copilot-win32-x64/-/copilot-win32-x64-1.0.59.tgz",
      "integrity": "sha512-tjATvZ5+H9iX0mDNjjF7WUGQ300mculzLU6TmzwhyjdlKUYjd9EULpeYre196AbczupLiKQlpt6m67vZjoJRHA==",
      "cpu": [
        "x64"
      ],
      "license": "SEE LICENSE IN LICENSE.md",
      "optional": true,
      "os": [
        "win32"
      ],
      "bin": {
        "copilot-win32-x64": "copilot.exe"
      }
    },
    "node_modules/detect-libc": {
      "version": "2.1.2",
      "resolved": "https://registry.npmjs.org/detect-libc/-/detect-libc-2.1.2.tgz",
      "integrity": "sha512-Btj2BOOO83o3WyH59e8MgXsxEQVcarkUOpEYrubB0urwnN10yQ364rsiByU11nZlqWYZm05i/of7io4mzihBtQ==",
      "license": "Apache-2.0",
      "engines": {
        "node": ">=8"
      }
    },
    "node_modules/vscode-jsonrpc": {
      "version": "8.2.1",
      "resolved": "https://registry.npmjs.org/vscode-jsonrpc/-/vscode-jsonrpc-8.2.1.tgz",
      "integrity": "sha512-kdjOSJ2lLIn7r1rtrMbbNCHjyMPfRnowdKjBQ+mGq6NAW5QY2bEZC/khaC5OR8svbbjvLEaIXkOq45e2X9BIbQ==",
      "license": "MIT",
      "engines": {
        "node": ">=14.0.0"
      }
    },
    "node_modules/zod": {
      "version": "4.4.3",
      "resolved": "https://registry.npmjs.org/zod/-/zod-4.4.3.tgz",
      "integrity": "sha512-ytENFjIJFl2UwYglde2jchW2Hwm4GJFLDiSXWdTrJQBIN9Fcyp7n4DhxJEiWNAJMV1/BqWfW/kkg71UDcHJyTQ==",
      "license": "MIT",
      "funding": {
        "url": "https://github.com/sponsors/colinhacks"
      }
    }
  }
}
